
Microsoft Visual Studio Solution File, Format Version 12.00
# Visual Studio 15
VisualStudioVersion = 15.0.28307.852
MinimumVisualStudioVersion = 10.0.40219.1
Project("{FAE04EC0-301F-11D3-BF4B-00C04F79EFBC}") = "ControleSaidaMercadorias", "ControleSaidaMercadorias\ControleSaidaMercadorias.csproj", "{B2DD8673-D3B8-4E06-B247-0A5724D0EE38}"
EndProject
Global
	GlobalSection(SolutionConfigurationPlatforms) = preSolution
		Debug|Any CPU = Debug|Any CPU
		Release|Any CPU = Release|Any CPU
	EndGlobalSection
	GlobalSection(ProjectConfigurationPlatforms) = postSolution
		{B2DD8673-D3B8-4E06-B247-0A5724D0EE38}.Debug|Any CPU.ActiveCfg = Debug|Any CPU
		{B2DD8673-D3B8-4E06-B247-0A5724D0EE38}.Debug|Any CPU.Build.0 = Debug|Any CPU
		{B2DD8673-D3B8-4E06-B247-0A5724D0EE38}.Release|Any CPU.ActiveCfg = Release|Any CPU
		{B2DD8673-D3B8-4E06-B247-0A5724D0EE38}.Release|Any CPU.Build.0 = Release|Any CPU
	EndGlobalSection
	GlobalSection(SolutionProperties) = preSolution
		HideSolutionNode = FALSE
	EndGlobalSection
	GlobalSection(ExtensibilityGlobals) = postSolution
		SolutionGuid = {59AE9860-93AF-4297-994E-B6D37D2AD98F}
	EndGlobalSection
EndGlobal
